// !$*UTF8*$!
{
	archiveVersion = 1;
	classes = {
	};
	objectVersion = 56;
	objects = {

/* Begin PBXBuildFile section */
		B764A2702A78C05D002FD437 /* AbilityTableViewCell.swift in Sources */ = {isa = PBXBuildFile; fileRef = B764A26F2A78C05D002FD437 /* AbilityTableViewCell.swift */; };
		B7F538022A758DB000366E22 /* AppDelegate.swift in Sources */ = {isa = PBXBuildFile; fileRef = B7F538012A758DB000366E22 /* AppDelegate.swift */; };
		B7F538042A758DB000366E22 /* SceneDelegate.swift in Sources */ = {isa = PBXBuildFile; fileRef = B7F538032A758DB000366E22 /* SceneDelegate.swift */; };
		B7F538062A758DB000366E22 /* ViewController.swift in Sources */ = {isa = PBXBuildFile; fileRef = B7F538052A758DB000366E22 /* ViewController.swift */; };
		B7F538092A758DB000366E22 /* Main.storyboard in Resources */ = {isa = PBXBuildFile; fileRef = B7F538072A758DB000366E22 /* Main.storyboard */; };
		B7F5380B2A758DB200366E22 /* Assets.xcassets in Resources */ = {isa = PBXBuildFile; fileRef = B7F5380A2A758DB200366E22 /* Assets.xcassets */; };
		B7F5380E2A758DB200366E22 /* LaunchScreen.storyboard in Resources */ = {isa = PBXBuildFile; fileRef = B7F5380C2A758DB200366E22 /* LaunchScreen.storyboard */; };
		B7F5381A2A758E7E00366E22 /* Pokemon.swift in Sources */ = {isa = PBXBuildFile; fileRef = B7F538192A758E7E00366E22 /* Pokemon.swift */; };
		B7F5381C2A75907600366E22 /* PokemonDataManager.swift in Sources */ = {isa = PBXBuildFile; fileRef = B7F5381B2A75907600366E22 /* PokemonDataManager.swift */; };
		B7F5381E2A75932900366E22 /* PokemonViewController.swift in Sources */ = {isa = PBXBuildFile; fileRef = B7F5381D2A75932900366E22 /* PokemonViewController.swift */; };
		B7F538212A759C5800366E22 /* PokemonTableViewCell.swift in Sources */ = {isa = PBXBuildFile; fileRef = B7F538202A759C5800366E22 /* PokemonTableViewCell.swift */; };
		B7F538232A75A5A500366E22 /* PokemonDetailViewController.swift in Sources */ = {isa = PBXBuildFile; fileRef = B7F538222A75A5A500366E22 /* PokemonDetailViewController.swift */; };
/* End PBXBuildFile section */

/* Begin PBXFileReference section */
		B764A26F2A78C05D002FD437 /* AbilityTableViewCell.swift */ = {isa = PBXFileReference; lastKnownFileType = sourcecode.swift; path = AbilityTableViewCell.swift; sourceTree = "<group>"; };
		B7F537FE2A758DB000366E22 /* Pokedex.app */ = {isa = PBXFileReference; explicitFileType = wrapper.application; includeInIndex = 0; path = Pokedex.app; sourceTree = BUILT_PRODUCTS_DIR; };
		B7F538012A758DB000366E22 /* AppDelegate.swift */ = {isa = PBXFileReference; lastKnownFileType = sourcecode.swift; path = AppDelegate.swift; sourceTree = "<group>"; };
		B7F538032A758DB000366E22 /* SceneDelegate.swift */ = {isa = PBXFileReference; lastKnownFileType = sourcecode.swift; path = SceneDelegate.swift; sourceTree = "<group>"; };
		B7F538052A758DB000366E22 /* ViewController.swift */ = {isa = PBXFileReference; lastKnownFileType = sourcecode.swift; path = ViewController.swift; sourceTree = "<group>"; };
		B7F538082A758DB000366E22 /* Base */ = {isa = PBXFileReference; lastKnownFileType = file.storyboard; name = Base; path = Base.lproj/Main.storyboard; sourceTree = "<group>"; };
		B7F5380A2A758DB200366E22 /* Assets.xcassets */ = {isa = PBXFileReference; lastKnownFileType = folder.assetcatalog; path = Assets.xcassets; sourceTree = "<group>"; };
		B7F5380D2A758DB200366E22 /* Base */ = {isa = PBXFileReference; lastKnownFileType = file.storyboard; name = Base; path = Base.lproj/LaunchScreen.storyboard; sourceTree = "<group>"; };
		B7F5380F2A758DB200366E22 /* Info.plist */ = {isa = PBXFileReference; lastKnownFileType = text.plist.xml; path = Info.plist; sourceTree = "<group>"; };
		B7F538192A758E7E00366E22 /* Pokemon.swift */ = {isa = PBXFileReference; lastKnownFileType = sourcecode.swift; path = Pokemon.swift; sourceTree = "<group>"; };
		B7F5381B2A75907600366E22 /* PokemonDataManager.swift */ = {isa = PBXFileReference; lastKnownFileType = sourcecode.swift; path = PokemonDataManager.swift; sourceTree = "<group>"; };
		B7F5381D2A75932900366E22 /* PokemonViewController.swift */ = {isa = PBXFileReference; lastKnownFileType = sourcecode.swift; path = PokemonViewController.swift; sourceTree = "<group>"; };
		B7F538202A759C5800366E22 /* PokemonTableViewCell.swift */ = {isa = PBXFileReference; lastKnownFileType = sourcecode.swift; path = PokemonTableViewCell.swift; sourceTree = "<group>"; };
		B7F538222A75A5A500366E22 /* PokemonDetailViewController.swift */ = {isa = PBXFileReference; lastKnownFileType = sourcecode.swift; path = PokemonDetailViewController.swift; sourceTree = "<group>"; };
/* End PBXFileReference section */

/* Begin PBXFrameworksBuildPhase section */
		B7F537FB2A758DB000366E22 /* Frameworks */ = {
			isa = PBXFrameworksBuildPhase;
			buildActionMask = 2147483647;
			files = (
			);
			runOnlyForDeploymentPostprocessing = 0;
		};
/* End PBXFrameworksBuildPhase section */

/* Begin PBXGroup section */
		B7F537F52A758DB000366E22 = {
			isa = PBXGroup;
			children = (
				B7F538002A758DB000366E22 /* Pokedex */,
				B7F537FF2A758DB000366E22 /* Products */,
			);
			sourceTree = "<group>";
		};
		B7F537FF2A758DB000366E22 /* Products */ = {
			isa = PBXGroup;
			children = (
				B7F537FE2A758DB000366E22 /* Pokedex.app */,
			);
			name = Products;
			sourceTree = "<group>";
		};
		B7F538002A758DB000366E22 /* Pokedex */ = {
			isa = PBXGroup;
			children = (
				B7F5381F2A75974300366E22 /* Storyboard */,
				B7F538152A758E3A00366E22 /* Model */,
				B7F538182A758E6300366E22 /* View */,
				B7F538172A758E4F00366E22 /* Controller */,
				B7F538012A758DB000366E22 /* AppDelegate.swift */,
				B7F538032A758DB000366E22 /* SceneDelegate.swift */,
				B7F538052A758DB000366E22 /* ViewController.swift */,
				B7F5380A2A758DB200366E22 /* Assets.xcassets */,
				B7F5380F2A758DB200366E22 /* Info.plist */,
			);
			path = Pokedex;
			sourceTree = "<group>";
		};
		B7F538152A758E3A00366E22 /* Model */ = {
			isa = PBXGroup;
			children = (
				B7F538192A758E7E00366E22 /* Pokemon.swift */,
				B7F5381B2A75907600366E22 /* PokemonDataManager.swift */,
			);
			path = Model;
			sourceTree = "<group>";
		};
		B7F538172A758E4F00366E22 /* Controller */ = {
			isa = PBXGroup;
			children = (
				B7F5381D2A75932900366E22 /* PokemonViewController.swift */,
				B7F538222A75A5A500366E22 /* PokemonDetailViewController.swift */,
			);
			path = Controller;
			sourceTree = "<group>";
		};
		B7F538182A758E6300366E22 /* View */ = {
			isa = PBXGroup;
			children = (
				B7F538202A759C5800366E22 /* PokemonTableViewCell.swift */,
				B764A26F2A78C05D002FD437 /* AbilityTableViewCell.swift */,
			);
			path = View;
			sourceTree = "<group>";
		};
		B7F5381F2A75974300366E22 /* Storyboard */ = {
			isa = PBXGroup;
			children = (
				B7F538072A758DB000366E22 /* Main.storyboard */,
				B7F5380C2A758DB200366E22 /* LaunchScreen.storyboard */,
			);
			path = Storyboard;
			sourceTree = "<group>";
		};
/* End PBXGroup section */

/* Begin PBXNativeTarget section */
		B7F537FD2A758DB000366E22 /* Pokedex */ = {
			isa = PBXNativeTarget;
			buildConfigurationList = B7F538122A758DB200366E22 /* Build configuration list for PBXNativeTarget "Pokedex" */;
			buildPhases = (
				B7F537FA2A758DB000366E22 /* Sources */,
				B7F537FB2A758DB000366E22 /* Frameworks */,
				B7F537FC2A758DB000366E22 /* Resources */,
			);
			buildRules = (
			);
			dependencies = (
			);
			name = Pokedex;
			productName = MVC;
			productReference = B7F537FE2A758DB000366E22 /* Pokedex.app */;
			productType = "com.apple.product-type.application";
		};
/* End PBXNativeTarget section */

/* Begin PBXProject section */
		B7F537F62A758DB000366E22 /* Project object */ = {
			isa = PBXProject;
			attributes = {
				BuildIndependentTargetsInParallel = 1;
				LastSwiftUpdateCheck = 1430;
				LastUpgradeCheck = 1430;
				TargetAttributes = {
					B7F537FD2A758DB000366E22 = {
						CreatedOnToolsVersion = 14.3.1;
					};
				};
			};
			buildConfigurationList = B7F537F92A758DB000366E22 /* Build configuration list for PBXProject "Pokedex" */;
			compatibilityVersion = "Xcode 14.0";
			developmentRegion = en;
			hasScannedForEncodings = 0;
			knownRegions = (
				en,
				Base,
			);
			mainGroup = B7F537F52A758DB000366E22;
			productRefGroup = B7F537FF2A758DB000366E22 /* Products */;
			projectDirPath = "";
			projectRoot = "";
			targets = (
				B7F537FD2A758DB000366E22 /* Pokedex */,
			);
		};
/* End PBXProject section */

/* Begin PBXResourcesBuildPhase section */
		B7F537FC2A758DB000366E22 /* Resources */ = {
			isa = PBXResourcesBuildPhase;
			buildActionMask = 2147483647;
			files = (
				B7F5380E2A758DB200366E22 /* LaunchScreen.storyboard in Resources */,
				B7F5380B2A758DB200366E22 /* Assets.xcassets in Resources */,
				B7F538092A758DB000366E22 /* Main.storyboard in Resources */,
			);
			runOnlyForDeploymentPostprocessing = 0;
		};
/* End PBXResourcesBuildPhase section */

/* Begin PBXSourcesBuildPhase section */
		B7F537FA2A758DB000366E22 /* Sources */ = {
			isa = PBXSourcesBuildPhase;
			buildActionMask = 2147483647;
			files = (
				B7F538062A758DB000366E22 /* ViewController.swift in Sources */,
				B7F538212A759C5800366E22 /* PokemonTableViewCell.swift in Sources */,
				B7F5381A2A758E7E00366E22 /* Pokemon.swift in Sources */,
				B764A2702A78C05D002FD437 /* AbilityTableViewCell.swift in Sources */,
				B7F5381E2A75932900366E22 /* PokemonViewController.swift in Sources */,
				B7F538022A758DB000366E22 /* AppDelegate.swift in Sources */,
				B7F538232A75A5A500366E22 /* PokemonDetailViewController.swift in Sources */,
				B7F5381C2A75907600366E22 /* PokemonDataManager.swift in Sources */,
				B7F538042A758DB000366E22 /* SceneDelegate.swift in Sources */,
			);
			runOnlyForDeploymentPostprocessing = 0;
		};
/* End PBXSourcesBuildPhase section */

/* Begin PBXVariantGroup section */
		B7F538072A758DB000366E22 /* Main.storyboard */ = {
			isa = PBXVariantGroup;
			children = (
				B7F538082A758DB000366E22 /* Base */,
			);
			name = Main.storyboard;
			sourceTree = "<group>";
		};
		B7F5380C2A758DB200366E22 /* LaunchScreen.storyboard */ = {
			isa = PBXVariantGroup;
			children = (
				B7F5380D2A758DB200366E22 /* Base */,
			);
			name = LaunchScreen.storyboard;
			sourceTree = "<group>";
		};
/* End PBXVariantGroup section */

/* Begin XCBuildConfiguration section */
		B7F538102A758DB200366E22 /* Debug */ = {
			isa = XCBuildConfiguration;
			buildSettings = {
				ALWAYS_SEARCH_USER_PATHS = NO;
				CLANG_ANALYZER_NONNULL = YES;
				CLANG_ANALYZER_NUMBER_OBJECT_CONVERSION = YES_AGGRESSIVE;
				CLANG_CXX_LANGUAGE_STANDARD = "gnu++20";
				CLANG_ENABLE_MODULES = YES;
				CLANG_ENABLE_OBJC_ARC = YES;
				CLANG_ENABLE_OBJC_WEAK = YES;
				CLANG_WARN_BLOCK_CAPTURE_AUTORELEASING = YES;
				CLANG_WARN_BOOL_CONVERSION = YES;
				CLANG_WARN_COMMA = YES;
				CLANG_WARN_CONSTANT_CONVERSION = YES;
				CLANG_WARN_DEPRECATED_OBJC_IMPLEMENTATIONS = YES;
				CLANG_WARN_DIRECT_OBJC_ISA_USAGE = YES_ERROR;
				CLANG_WARN_DOCUMENTATION_COMMENTS = YES;
				CLANG_WARN_EMPTY_BODY = YES;
				CLANG_WARN_ENUM_CONVERSION = YES;
				CLANG_WARN_INFINITE_RECURSION = YES;
				CLANG_WARN_INT_CONVERSION = YES;
				CLANG_WARN_NON_LITERAL_NULL_CONVERSION = YES;
				CLANG_WARN_OBJC_IMPLICIT_RETAIN_SELF = YES;
				CLANG_WARN_OBJC_LITERAL_CONVERSION = YES;
				CLANG_WARN_OBJC_ROOT_CLASS = YES_ERROR;
				CLANG_WARN_QUOTED_INCLUDE_IN_FRAMEWORK_HEADER = YES;
				CLANG_WARN_RANGE_LOOP_ANALYSIS = YES;
				CLANG_WARN_STRICT_PROTOTYPES = YES;
				CLANG_WARN_SUSPICIOUS_MOVE = YES;
				CLANG_WARN_UNGUARDED_AVAILABILITY = YES_AGGRESSIVE;
				CLANG_WARN_UNREACHABLE_CODE = YES;
				CLANG_WARN__DUPLICATE_METHOD_MATCH = YES;
				COPY_PHASE_STRIP = NO;
				DEBUG_INFORMATION_FORMAT = dwarf;
				ENABLE_STRICT_OBJC_MSGSEND = YES;
				ENABLE_TESTABILITY = YES;
				GCC_C_LANGUAGE_STANDARD = gnu11;
				GCC_DYNAMIC_NO_PIC = NO;
				GCC_NO_COMMON_BLOCKS = YES;
				GCC_OPTIMIZATION_LEVEL = 0;
				GCC_PREPROCESSOR_DEFINITIONS = (
					"DEBUG=1",
					"$(inherited)",
				);
				GCC_WARN_64_TO_32_BIT_CONVERSION = YES;
				GCC_WARN_ABOUT_RETURN_TYPE = YES_ERROR;
				GCC_WARN_UNDECLARED_SELECTOR = YES;
				GCC_WARN_UNINITIALIZED_AUTOS = YES_AGGRESSIVE;
				GCC_WARN_UNUSED_FUNCTION = YES;
				GCC_WARN_UNUSED_VARIABLE = YES;
				IPHONEOS_DEPLOYMENT_TARGET = 16.4;
				MTL_ENABLE_DEBUG_INFO = INCLUDE_SOURCE;
				MTL_FAST_MATH = YES;
				ONLY_ACTIVE_ARCH = YES;
				SDKROOT = iphoneos;
				SWIFT_ACTIVE_COMPILATION_CONDITIONS = DEBUG;
				SWIFT_OPTIMIZATION_LEVEL = "-Onone";
			};
			name = Debug;
		};
		B7F538112A758DB200366E22 /* Release */ = {
			isa = XCBuildConfiguration;
			buildSettings = {
				ALWAYS_SEARCH_USER_PATHS = NO;
				CLANG_ANALYZER_NONNULL = YES;
				CLANG_ANALYZER_NUMBER_OBJECT_CONVERSION = YES_AGGRESSIVE;
				CLANG_CXX_LANGUAGE_STANDARD = "gnu++20";
				CLANG_ENABLE_MODULES = YES;
				CLANG_ENABLE_OBJC_ARC = YES;
				CLANG_ENABLE_OBJC_WEAK = YES;
				CLANG_WARN_BLOCK_CAPTURE_AUTORELEASING = YES;
				CLANG_WARN_BOOL_CONVERSION = YES;
				CLANG_WARN_COMMA = YES;
				CLANG_WARN_CONSTANT_CONVERSION = YES;
				CLANG_WARN_DEPRECATED_OBJC_IMPLEMENTATIONS = YES;
				CLANG_WARN_DIRECT_OBJC_ISA_USAGE = YES_ERROR;
				CLANG_WARN_DOCUMENTATION_COMMENTS = YES;
				CLANG_WARN_EMPTY_BODY = YES;
				CLANG_WARN_ENUM_CONVERSION = YES;
				CLANG_WARN_INFINITE_RECURSION = YES;
				CLANG_WARN_INT_CONVERSION = YES;
				CLANG_WARN_NON_LITERAL_NULL_CONVERSION = YES;
				CLANG_WARN_OBJC_IMPLICIT_RETAIN_SELF = YES;
				CLANG_WARN_OBJC_LITERAL_CONVERSION = YES;
				CLANG_WARN_OBJC_ROOT_CLASS = YES_ERROR;
				CLANG_WARN_QUOTED_INCLUDE_IN_FRAMEWORK_HEADER = YES;
				CLANG_WARN_RANGE_LOOP_ANALYSIS = YES;
				CLANG_WARN_STRICT_PROTOTYPES = YES;
				CLANG_WARN_SUSPICIOUS_MOVE = YES;
				CLANG_WARN_UNGUARDED_AVAILABILITY = YES_AGGRESSIVE;
				CLANG_WARN_UNREACHABLE_CODE = YES;
				CLANG_WARN__DUPLICATE_METHOD_MATCH = YES;
				COPY_PHASE_STRIP = NO;
				DEBUG_INFORMATION_FORMAT = "dwarf-with-dsym";
				ENABLE_NS_ASSERTIONS = NO;
				ENABLE_STRICT_OBJC_MSGSEND = YES;
				GCC_C_LANGUAGE_STANDARD = gnu11;
				GCC_NO_COMMON_BLOCKS = YES;
				GCC_WARN_64_TO_32_BIT_CONVERSION = YES;
				GCC_WARN_ABOUT_RETURN_TYPE = YES_ERROR;
				GCC_WARN_UNDECLARED_SELECTOR = YES;
				GCC_WARN_UNINITIALIZED_AUTOS = YES_AGGRESSIVE;
				GCC_WARN_UNUSED_FUNCTION = YES;
				GCC_WARN_UNUSED_VARIABLE = YES;
				IPHONEOS_DEPLOYMENT_TARGET = 16.4;
				MTL_ENABLE_DEBUG_INFO = NO;
				MTL_FAST_MATH = YES;
				SDKROOT = iphoneos;
				SWIFT_COMPILATION_MODE = wholemodule;
				SWIFT_OPTIMIZATION_LEVEL = "-O";
				VALIDATE_PRODUCT = YES;
			};
			name = Release;
		};
		B7F538132A758DB200366E22 /* Debug */ = {
			isa = XCBuildConfiguration;
			buildSettings = {
				ASSETCATALOG_COMPILER_APPICON_NAME = AppIcon;
				ASSETCATALOG_COMPILER_GLOBAL_ACCENT_COLOR_NAME = AccentColor;
				CODE_SIGN_STYLE = Automatic;
				CURRENT_PROJECT_VERSION = 1;
				DEVELOPMENT_TEAM = S396X25U6X;
				GENERATE_INFOPLIST_FILE = YES;
				INFOPLIST_FILE = Pokedex/Info.plist;
				INFOPLIST_KEY_UIApplicationSupportsIndirectInputEvents = YES;
				INFOPLIST_KEY_UILaunchStoryboardName = LaunchScreen;
				INFOPLIST_KEY_UIMainStoryboardFile = Main;
				INFOPLIST_KEY_UISupportedInterfaceOrientations = "UIInterfaceOrientationLandscapeLeft UIInterfaceOrientationLandscapeRight UIInterfaceOrientationPortrait UIInterfaceOrientationPortraitUpsideDown";
				INFOPLIST_KEY_UISupportedInterfaceOrientations_iPad = "UIInterfaceOrientationLandscapeLeft UIInterfaceOrientationLandscapeRight UIInterfaceOrientationPortrait";
				LD_RUNPATH_SEARCH_PATHS = (
					"$(inherited)",
					"@executable_path/Frameworks",
				);
				MARKETING_VERSION = 1.0;
				PRODUCT_BUNDLE_IDENTIFIER = mx.lsdual.Pokedex;
				PRODUCT_NAME = "$(TARGET_NAME)";
				SWIFT_EMIT_LOC_STRINGS = YES;
				SWIFT_VERSION = 5.0;
				TARGETED_DEVICE_FAMILY = "1,2";
			};
			name = Debug;
		};
		B7F538142A758DB200366E22 /* Release */ = {
			isa = XCBuildConfiguration;
			buildSettings = {
				ASSETCATALOG_COMPILER_APPICON_NAME = AppIcon;
				ASSETCATALOG_COMPILER_GLOBAL_ACCENT_COLOR_NAME = AccentColor;
				CODE_SIGN_STYLE = Automatic;
				CURRENT_PROJECT_VERSION = 1;
				DEVELOPMENT_TEAM = S396X25U6X;
				GENERATE_INFOPLIST_FILE = YES;
				INFOPLIST_FILE = Pokedex/Info.plist;
				INFOPLIST_KEY_UIApplicationSupportsIndirectInputEvents = YES;
				INFOPLIST_KEY_UILaunchStoryboardName = LaunchScreen;
				INFOPLIST_KEY_UIMainStoryboardFile = Main;
				INFOPLIST_KEY_UISupportedInterfaceOrientations = "UIInterfaceOrientationLandscapeLeft UIInterfaceOrientationLandscapeRight UIInterfaceOrientationPortrait UIInterfaceOrientationPortraitUpsideDown";
				INFOPLIST_KEY_UISupportedInterfaceOrientations_iPad = "UIInterfaceOrientationLandscapeLeft UIInterfaceOrientationLandscapeRight UIInterfaceOrientationPortrait";
				LD_RUNPATH_SEARCH_PATHS = (
					"$(inherited)",
					"@executable_path/Frameworks",
				);
				MARKETING_VERSION = 1.0;
				PRODUCT_BUNDLE_IDENTIFIER = mx.lsdual.Pokedex;
				PRODUCT_NAME = "$(TARGET_NAME)";
				SWIFT_EMIT_LOC_STRINGS = YES;
				SWIFT_VERSION = 5.0;
				TARGETED_DEVICE_FAMILY = "1,2";
			};
			name = Release;
		};
/* End XCBuildConfiguration section */

/* Begin XCConfigurationList section */
		B7F537F92A758DB000366E22 /* Build configuration list for PBXProject "Pokedex" */ = {
			isa = XCConfigurationList;
			buildConfigurations = (
				B7F538102A758DB200366E22 /* Debug */,
				B7F538112A758DB200366E22 /* Release */,
			);
			defaultConfigurationIsVisible = 0;
			defaultConfigurationName = Release;
		};
		B7F538122A758DB200366E22 /* Build configuration list for PBXNativeTarget "Pokedex" */ = {
			isa = XCConfigurationList;
			buildConfigurations = (
				B7F538132A758DB200366E22 /* Debug */,
				B7F538142A758DB200366E22 /* Release */,
			);
			defaultConfigurationIsVisible = 0;
			defaultConfigurationName = Release;
		};
/* End XCConfigurationList section */
	};
	rootObject = B7F537F62A758DB000366E22 /* Project object */;
}
